# This file is automatically @generated by Cargo.
# It is not intended for manual editing.
version = 4

[[package]]
name = "annotate-snippets"
version = "0.11.5"
source = "registry+https://github.com/rust-lang/crates.io-index"
checksum = "710e8eae58854cdc1790fcb56cca04d712a17be849eeb81da2a724bf4bae2bc4"
dependencies = [
 "anstyle",
 "unicode-width",
]

[[package]]
name = "anstyle"
version = "1.0.10"
source = "registry+https://github.com/rust-lang/crates.io-index"
checksum = "55cc3b69f167a1ef2e161439aa98aed94e6028e5f9a59be9a6ffb47aef1651f9"

[[package]]
name = "rasur"
version = "0.0.0-pre-alpha"
dependencies = [
 "annotate-snippets",
]

[[package]]
name = "unicode-width"
version = "0.2.0"
source = "registry+https://github.com/rust-lang/crates.io-index"
checksum = "1fc81956842c57dac11422a97c3b8195a1ff727f06e85c84ed2e8aa277c9a0fd"
